// !$*UTF8*$!
{
	archiveVersion = 1;
	classes = {
	};
	objectVersion = 50;
	objects = {

/* Begin PBXBuildFile section */
		B767AF0020E55F1400165054 /* AppDelegate.swift in Sources */ = {isa = PBXBuildFile; fileRef = B767AEFF20E55F1400165054 /* AppDelegate.swift */; };
		B767AF0220E55F1400165054 /* ViewController.swift in Sources */ = {isa = PBXBuildFile; fileRef = B767AF0120E55F1400165054 /* ViewController.swift */; };
		B767AF0520E55F1400165054 /* Main.storyboard in Resources */ = {isa = PBXBuildFile; fileRef = B767AF0320E55F1400165054 /* Main.storyboard */; };
		B767AF0720E55F1700165054 /* Assets.xcassets in Resources */ = {isa = PBXBuildFile; fileRef = B767AF0620E55F1700165054 /* Assets.xcassets */; };
		B767AF0A20E55F1700165054 /* LaunchScreen.storyboard in Resources */ = {isa = PBXBuildFile; fileRef = B767AF0820E55F1700165054 /* LaunchScreen.storyboard */; };
		B767AF1520E55F1700165054 /* dataConversiontestTests.swift in Sources */ = {isa = PBXBuildFile; fileRef = B767AF1420E55F1700165054 /* dataConversiontestTests.swift */; };
		B767AF2020E55F1700165054 /* dataConversiontestUITests.swift in Sources */ = {isa = PBXBuildFile; fileRef = B767AF1F20E55F1700165054 /* dataConversiontestUITests.swift */; };
		B767AF3020E5622C00165054 /* PacketConverter.m in Sources */ = {isa = PBXBuildFile; fileRef = B767AF2F20E5622C00165054 /* PacketConverter.m */; };
/* End PBXBuildFile section */

/* Begin PBXContainerItemProxy section */
		B767AF1120E55F1700165054 /* PBXContainerItemProxy */ = {
			isa = PBXContainerItemProxy;
			containerPortal = B767AEF420E55F1300165054 /* Project object */;
			proxyType = 1;
			remoteGlobalIDString = B767AEFB20E55F1400165054;
			remoteInfo = dataConversiontest;
		};
		B767AF1C20E55F1700165054 /* PBXContainerItemProxy */ = {
			isa = PBXContainerItemProxy;
			containerPortal = B767AEF420E55F1300165054 /* Project object */;
			proxyType = 1;
			remoteGlobalIDString = B767AEFB20E55F1400165054;
			remoteInfo = dataConversiontest;
		};
/* End PBXContainerItemProxy section */

/* Begin PBXFileReference section */
		B767AEFC20E55F1400165054 /* dataConversiontest.app */ = {isa = PBXFileReference; explicitFileType = wrapper.application; includeInIndex = 0; path = dataConversiontest.app; sourceTree = BUILT_PRODUCTS_DIR; };
		B767AEFF20E55F1400165054 /* AppDelegate.swift */ = {isa = PBXFileReference; lastKnownFileType = sourcecode.swift; path = AppDelegate.swift; sourceTree = "<group>"; };
		B767AF0120E55F1400165054 /* ViewController.swift */ = {isa = PBXFileReference; lastKnownFileType = sourcecode.swift; path = ViewController.swift; sourceTree = "<group>"; };
		B767AF0420E55F1400165054 /* Base */ = {isa = PBXFileReference; lastKnownFileType = file.storyboard; name = Base; path = Base.lproj/Main.storyboard; sourceTree = "<group>"; };
		B767AF0620E55F1700165054 /* Assets.xcassets */ = {isa = PBXFileReference; lastKnownFileType = folder.assetcatalog; path = Assets.xcassets; sourceTree = "<group>"; };
		B767AF0920E55F1700165054 /* Base */ = {isa = PBXFileReference; lastKnownFileType = file.storyboard; name = Base; path = Base.lproj/LaunchScreen.storyboard; sourceTree = "<group>"; };
		B767AF0B20E55F1700165054 /* Info.plist */ = {isa = PBXFileReference; lastKnownFileType = text.plist.xml; path = Info.plist; sourceTree = "<group>"; };
		B767AF1020E55F1700165054 /* dataConversiontestTests.xctest */ = {isa = PBXFileReference; explicitFileType = wrapper.cfbundle; includeInIndex = 0; path = dataConversiontestTests.xctest; sourceTree = BUILT_PRODUCTS_DIR; };
		B767AF1420E55F1700165054 /* dataConversiontestTests.swift */ = {isa = PBXFileReference; lastKnownFileType = sourcecode.swift; path = dataConversiontestTests.swift; sourceTree = "<group>"; };
		B767AF1620E55F1700165054 /* Info.plist */ = {isa = PBXFileReference; lastKnownFileType = text.plist.xml; path = Info.plist; sourceTree = "<group>"; };
		B767AF1B20E55F1700165054 /* dataConversiontestUITests.xctest */ = {isa = PBXFileReference; explicitFileType = wrapper.cfbundle; includeInIndex = 0; path = dataConversiontestUITests.xctest; sourceTree = BUILT_PRODUCTS_DIR; };
		B767AF1F20E55F1700165054 /* dataConversiontestUITests.swift */ = {isa = PBXFileReference; lastKnownFileType = sourcecode.swift; path = dataConversiontestUITests.swift; sourceTree = "<group>"; };
		B767AF2120E55F1700165054 /* Info.plist */ = {isa = PBXFileReference; lastKnownFileType = text.plist.xml; path = Info.plist; sourceTree = "<group>"; };
		B767AF2E20E5622B00165054 /* dataConversiontest-Bridging-Header.h */ = {isa = PBXFileReference; lastKnownFileType = sourcecode.c.h; path = "dataConversiontest-Bridging-Header.h"; sourceTree = "<group>"; };
		B767AF2F20E5622C00165054 /* PacketConverter.m */ = {isa = PBXFileReference; lastKnownFileType = sourcecode.c.objc; path = PacketConverter.m; sourceTree = "<group>"; };
		B767AF3120E5626300165054 /* PacketConverter.h */ = {isa = PBXFileReference; lastKnownFileType = sourcecode.c.h; path = PacketConverter.h; sourceTree = "<group>"; };
/* End PBXFileReference section */

/* Begin PBXFrameworksBuildPhase section */
		B767AEF920E55F1400165054 /* Frameworks */ = {
			isa = PBXFrameworksBuildPhase;
			buildActionMask = 2147483647;
			files = (
			);
			runOnlyForDeploymentPostprocessing = 0;
		};
		B767AF0D20E55F1700165054 /* Frameworks */ = {
			isa = PBXFrameworksBuildPhase;
			buildActionMask = 2147483647;
			files = (
			);
			runOnlyForDeploymentPostprocessing = 0;
		};
		B767AF1820E55F1700165054 /* Frameworks */ = {
			isa = PBXFrameworksBuildPhase;
			buildActionMask = 2147483647;
			files = (
			);
			runOnlyForDeploymentPostprocessing = 0;
		};
/* End PBXFrameworksBuildPhase section */

/* Begin PBXGroup section */
		B767AEF320E55F1300165054 = {
			isa = PBXGroup;
			children = (
				B767AEFE20E55F1400165054 /* dataConversiontest */,
				B767AF1320E55F1700165054 /* dataConversiontestTests */,
				B767AF1E20E55F1700165054 /* dataConversiontestUITests */,
				B767AEFD20E55F1400165054 /* Products */,
			);
			sourceTree = "<group>";
		};
		B767AEFD20E55F1400165054 /* Products */ = {
			isa = PBXGroup;
			children = (
				B767AEFC20E55F1400165054 /* dataConversiontest.app */,
				B767AF1020E55F1700165054 /* dataConversiontestTests.xctest */,
				B767AF1B20E55F1700165054 /* dataConversiontestUITests.xctest */,
			);
			name = Products;
			sourceTree = "<group>";
		};
		B767AEFE20E55F1400165054 /* dataConversiontest */ = {
			isa = PBXGroup;
			children = (
				B767AF2D20E561F600165054 /* PacketManager */,
				B767AEFF20E55F1400165054 /* AppDelegate.swift */,
				B767AF0120E55F1400165054 /* ViewController.swift */,
				B767AF0320E55F1400165054 /* Main.storyboard */,
				B767AF0620E55F1700165054 /* Assets.xcassets */,
				B767AF0820E55F1700165054 /* LaunchScreen.storyboard */,
				B767AF0B20E55F1700165054 /* Info.plist */,
			);
			path = dataConversiontest;
			sourceTree = "<group>";
		};
		B767AF1320E55F1700165054 /* dataConversiontestTests */ = {
			isa = PBXGroup;
			children = (
				B767AF1420E55F1700165054 /* dataConversiontestTests.swift */,
				B767AF1620E55F1700165054 /* Info.plist */,
			);
			path = dataConversiontestTests;
			sourceTree = "<group>";
		};
		B767AF1E20E55F1700165054 /* dataConversiontestUITests */ = {
			isa = PBXGroup;
			children = (
				B767AF1F20E55F1700165054 /* dataConversiontestUITests.swift */,
				B767AF2120E55F1700165054 /* Info.plist */,
			);
			path = dataConversiontestUITests;
			sourceTree = "<group>";
		};
		B767AF2D20E561F600165054 /* PacketManager */ = {
			isa = PBXGroup;
			children = (
				B767AF2F20E5622C00165054 /* PacketConverter.m */,
				B767AF2E20E5622B00165054 /* dataConversiontest-Bridging-Header.h */,
				B767AF3120E5626300165054 /* PacketConverter.h */,
			);
			path = PacketManager;
			sourceTree = "<group>";
		};
/* End PBXGroup section */

/* Begin PBXNativeTarget section */
		B767AEFB20E55F1400165054 /* dataConversiontest */ = {
			isa = PBXNativeTarget;
			buildConfigurationList = B767AF2420E55F1700165054 /* Build configuration list for PBXNativeTarget "dataConversiontest" */;
			buildPhases = (
				B767AEF820E55F1400165054 /* Sources */,
				B767AEF920E55F1400165054 /* Frameworks */,
				B767AEFA20E55F1400165054 /* Resources */,
			);
			buildRules = (
			);
			dependencies = (
			);
			name = dataConversiontest;
			productName = dataConversiontest;
			productReference = B767AEFC20E55F1400165054 /* dataConversiontest.app */;
			productType = "com.apple.product-type.application";
		};
		B767AF0F20E55F1700165054 /* dataConversiontestTests */ = {
			isa = PBXNativeTarget;
			buildConfigurationList = B767AF2720E55F1700165054 /* Build configuration list for PBXNativeTarget "dataConversiontestTests" */;
			buildPhases = (
				B767AF0C20E55F1700165054 /* Sources */,
				B767AF0D20E55F1700165054 /* Frameworks */,
				B767AF0E20E55F1700165054 /* Resources */,
			);
			buildRules = (
			);
			dependencies = (
				B767AF1220E55F1700165054 /* PBXTargetDependency */,
			);
			name = dataConversiontestTests;
			productName = dataConversiontestTests;
			productReference = B767AF1020E55F1700165054 /* dataConversiontestTests.xctest */;
			productType = "com.apple.product-type.bundle.unit-test";
		};
		B767AF1A20E55F1700165054 /* dataConversiontestUITests */ = {
			isa = PBXNativeTarget;
			buildConfigurationList = B767AF2A20E55F1700165054 /* Build configuration list for PBXNativeTarget "dataConversiontestUITests" */;
			buildPhases = (
				B767AF1720E55F1700165054 /* Sources */,
				B767AF1820E55F1700165054 /* Frameworks */,
				B767AF1920E55F1700165054 /* Resources */,
			);
			buildRules = (
			);
			dependencies = (
				B767AF1D20E55F1700165054 /* PBXTargetDependency */,
			);
			name = dataConversiontestUITests;
			productName = dataConversiontestUITests;
			productReference = B767AF1B20E55F1700165054 /* dataConversiontestUITests.xctest */;
			productType = "com.apple.product-type.bundle.ui-testing";
		};
/* End PBXNativeTarget section */

/* Begin PBXProject section */
		B767AEF420E55F1300165054 /* Project object */ = {
			isa = PBXProject;
			attributes = {
				LastSwiftUpdateCheck = 0940;
				LastUpgradeCheck = 0940;
				ORGANIZATIONNAME = com;
				TargetAttributes = {
					B767AEFB20E55F1400165054 = {
						CreatedOnToolsVersion = 9.4.1;
						LastSwiftMigration = 0940;
					};
					B767AF0F20E55F1700165054 = {
						CreatedOnToolsVersion = 9.4.1;
						TestTargetID = B767AEFB20E55F1400165054;
					};
					B767AF1A20E55F1700165054 = {
						CreatedOnToolsVersion = 9.4.1;
						TestTargetID = B767AEFB20E55F1400165054;
					};
				};
			};
			buildConfigurationList = B767AEF720E55F1300165054 /* Build configuration list for PBXProject "dataConversiontest" */;
			compatibilityVersion = "Xcode 9.3";
			developmentRegion = en;
			hasScannedForEncodings = 0;
			knownRegions = (
				en,
				Base,
			);
			mainGroup = B767AEF320E55F1300165054;
			productRefGroup = B767AEFD20E55F1400165054 /* Products */;
			projectDirPath = "";
			projectRoot = "";
			targets = (
				B767AEFB20E55F1400165054 /* dataConversiontest */,
				B767AF0F20E55F1700165054 /* dataConversiontestTests */,
				B767AF1A20E55F1700165054 /* dataConversiontestUITests */,
			);
		};
/* End PBXProject section */

/* Begin PBXResourcesBuildPhase section */
		B767AEFA20E55F1400165054 /* Resources */ = {
			isa = PBXResourcesBuildPhase;
			buildActionMask = 2147483647;
			files = (
				B767AF0A20E55F1700165054 /* LaunchScreen.storyboard in Resources */,
				B767AF0720E55F1700165054 /* Assets.xcassets in Resources */,
				B767AF0520E55F1400165054 /* Main.storyboard in Resources */,
			);
			runOnlyForDeploymentPostprocessing = 0;
		};
		B767AF0E20E55F1700165054 /* Resources */ = {
			isa = PBXResourcesBuildPhase;
			buildActionMask = 2147483647;
			files = (
			);
			runOnlyForDeploymentPostprocessing = 0;
		};
		B767AF1920E55F1700165054 /* Resources */ = {
			isa = PBXResourcesBuildPhase;
			buildActionMask = 2147483647;
			files = (
			);
			runOnlyForDeploymentPostprocessing = 0;
		};
/* End PBXResourcesBuildPhase section */

/* Begin PBXSourcesBuildPhase section */
		B767AEF820E55F1400165054 /* Sources */ = {
			isa = PBXSourcesBuildPhase;
			buildActionMask = 2147483647;
			files = (
				B767AF0220E55F1400165054 /* ViewController.swift in Sources */,
				B767AF0020E55F1400165054 /* AppDelegate.swift in Sources */,
				B767AF3020E5622C00165054 /* PacketConverter.m in Sources */,
			);
			runOnlyForDeploymentPostprocessing = 0;
		};
		B767AF0C20E55F1700165054 /* Sources */ = {
			isa = PBXSourcesBuildPhase;
			buildActionMask = 2147483647;
			files = (
				B767AF1520E55F1700165054 /* dataConversiontestTests.swift in Sources */,
			);
			runOnlyForDeploymentPostprocessing = 0;
		};
		B767AF1720E55F1700165054 /* Sources */ = {
			isa = PBXSourcesBuildPhase;
			buildActionMask = 2147483647;
			files = (
				B767AF2020E55F1700165054 /* dataConversiontestUITests.swift in Sources */,
			);
			runOnlyForDeploymentPostprocessing = 0;
		};
/* End PBXSourcesBuildPhase section */

/* Begin PBXTargetDependency section */
		B767AF1220E55F1700165054 /* PBXTargetDependency */ = {
			isa = PBXTargetDependency;
			target = B767AEFB20E55F1400165054 /* dataConversiontest */;
			targetProxy = B767AF1120E55F1700165054 /* PBXContainerItemProxy */;
		};
		B767AF1D20E55F1700165054 /* PBXTargetDependency */ = {
			isa = PBXTargetDependency;
			target = B767AEFB20E55F1400165054 /* dataConversiontest */;
			targetProxy = B767AF1C20E55F1700165054 /* PBXContainerItemProxy */;
		};
/* End PBXTargetDependency section */

/* Begin PBXVariantGroup section */
		B767AF0320E55F1400165054 /* Main.storyboard */ = {
			isa = PBXVariantGroup;
			children = (
				B767AF0420E55F1400165054 /* Base */,
			);
			name = Main.storyboard;
			sourceTree = "<group>";
		};
		B767AF0820E55F1700165054 /* LaunchScreen.storyboard */ = {
			isa = PBXVariantGroup;
			children = (
				B767AF0920E55F1700165054 /* Base */,
			);
			name = LaunchScreen.storyboard;
			sourceTree = "<group>";
		};
/* End PBXVariantGroup section */

/* Begin XCBuildConfiguration section */
		B767AF2220E55F1700165054 /* Debug */ = {
			isa = XCBuildConfiguration;
			buildSettings = {
				ALWAYS_SEARCH_USER_PATHS = NO;
				CLANG_ANALYZER_NONNULL = YES;
				CLANG_ANALYZER_NUMBER_OBJECT_CONVERSION = YES_AGGRESSIVE;
				CLANG_CXX_LANGUAGE_STANDARD = "gnu++14";
				CLANG_CXX_LIBRARY = "libc++";
				CLANG_ENABLE_MODULES = YES;
				CLANG_ENABLE_OBJC_ARC = YES;
				CLANG_ENABLE_OBJC_WEAK = YES;
				CLANG_WARN_BLOCK_CAPTURE_AUTORELEASING = YES;
				CLANG_WARN_BOOL_CONVERSION = YES;
				CLANG_WARN_COMMA = YES;
				CLANG_WARN_CONSTANT_CONVERSION = YES;
				CLANG_WARN_DEPRECATED_OBJC_IMPLEMENTATIONS = YES;
				CLANG_WARN_DIRECT_OBJC_ISA_USAGE = YES_ERROR;
				CLANG_WARN_DOCUMENTATION_COMMENTS = YES;
				CLANG_WARN_EMPTY_BODY = YES;
				CLANG_WARN_ENUM_CONVERSION = YES;
				CLANG_WARN_INFINITE_RECURSION = YES;
				CLANG_WARN_INT_CONVERSION = YES;
				CLANG_WARN_NON_LITERAL_NULL_CONVERSION = YES;
				CLANG_WARN_OBJC_IMPLICIT_RETAIN_SELF = YES;
				CLANG_WARN_OBJC_LITERAL_CONVERSION = YES;
				CLANG_WARN_OBJC_ROOT_CLASS = YES_ERROR;
				CLANG_WARN_RANGE_LOOP_ANALYSIS = YES;
				CLANG_WARN_STRICT_PROTOTYPES = YES;
				CLANG_WARN_SUSPICIOUS_MOVE = YES;
				CLANG_WARN_UNGUARDED_AVAILABILITY = YES_AGGRESSIVE;
				CLANG_WARN_UNREACHABLE_CODE = YES;
				CLANG_WARN__DUPLICATE_METHOD_MATCH = YES;
				CODE_SIGN_IDENTITY = "iPhone Developer";
				COPY_PHASE_STRIP = NO;
				DEBUG_INFORMATION_FORMAT = dwarf;
				ENABLE_STRICT_OBJC_MSGSEND = YES;
				ENABLE_TESTABILITY = YES;
				GCC_C_LANGUAGE_STANDARD = gnu11;
				GCC_DYNAMIC_NO_PIC = NO;
				GCC_NO_COMMON_BLOCKS = YES;
				GCC_OPTIMIZATION_LEVEL = 0;
				GCC_PREPROCESSOR_DEFINITIONS = (
					"DEBUG=1",
					"$(inherited)",
				);
				GCC_WARN_64_TO_32_BIT_CONVERSION = YES;
				GCC_WARN_ABOUT_RETURN_TYPE = YES_ERROR;
				GCC_WARN_UNDECLARED_SELECTOR = YES;
				GCC_WARN_UNINITIALIZED_AUTOS = YES_AGGRESSIVE;
				GCC_WARN_UNUSED_FUNCTION = YES;
				GCC_WARN_UNUSED_VARIABLE = YES;
				IPHONEOS_DEPLOYMENT_TARGET = 11.4;
				MTL_ENABLE_DEBUG_INFO = YES;
				ONLY_ACTIVE_ARCH = YES;
				SDKROOT = iphoneos;
				SWIFT_ACTIVE_COMPILATION_CONDITIONS = DEBUG;
				SWIFT_OPTIMIZATION_LEVEL = "-Onone";
			};
			name = Debug;
		};
		B767AF2320E55F1700165054 /* Release */ = {
			isa = XCBuildConfiguration;
			buildSettings = {
				ALWAYS_SEARCH_USER_PATHS = NO;
				CLANG_ANALYZER_NONNULL = YES;
				CLANG_ANALYZER_NUMBER_OBJECT_CONVERSION = YES_AGGRESSIVE;
				CLANG_CXX_LANGUAGE_STANDARD = "gnu++14";
				CLANG_CXX_LIBRARY = "libc++";
				CLANG_ENABLE_MODULES = YES;
				CLANG_ENABLE_OBJC_ARC = YES;
				CLANG_ENABLE_OBJC_WEAK = YES;
				CLANG_WARN_BLOCK_CAPTURE_AUTORELEASING = YES;
				CLANG_WARN_BOOL_CONVERSION = YES;
				CLANG_WARN_COMMA = YES;
				CLANG_WARN_CONSTANT_CONVERSION = YES;
				CLANG_WARN_DEPRECATED_OBJC_IMPLEMENTATIONS = YES;
				CLANG_WARN_DIRECT_OBJC_ISA_USAGE = YES_ERROR;
				CLANG_WARN_DOCUMENTATION_COMMENTS = YES;
				CLANG_WARN_EMPTY_BODY = YES;
				CLANG_WARN_ENUM_CONVERSION = YES;
				CLANG_WARN_INFINITE_RECURSION = YES;
				CLANG_WARN_INT_CONVERSION = YES;
				CLANG_WARN_NON_LITERAL_NULL_CONVERSION = YES;
				CLANG_WARN_OBJC_IMPLICIT_RETAIN_SELF = YES;
				CLANG_WARN_OBJC_LITERAL_CONVERSION = YES;
				CLANG_WARN_OBJC_ROOT_CLASS = YES_ERROR;
				CLANG_WARN_RANGE_LOOP_ANALYSIS = YES;
				CLANG_WARN_STRICT_PROTOTYPES = YES;
				CLANG_WARN_SUSPICIOUS_MOVE = YES;
				CLANG_WARN_UNGUARDED_AVAILABILITY = YES_AGGRESSIVE;
				CLANG_WARN_UNREACHABLE_CODE = YES;
				CLANG_WARN__DUPLICATE_METHOD_MATCH = YES;
				CODE_SIGN_IDENTITY = "iPhone Developer";
				COPY_PHASE_STRIP = NO;
				DEBUG_INFORMATION_FORMAT = "dwarf-with-dsym";
				ENABLE_NS_ASSERTIONS = NO;
				ENABLE_STRICT_OBJC_MSGSEND = YES;
				GCC_C_LANGUAGE_STANDARD = gnu11;
				GCC_NO_COMMON_BLOCKS = YES;
				GCC_WARN_64_TO_32_BIT_CONVERSION = YES;
				GCC_WARN_ABOUT_RETURN_TYPE = YES_ERROR;
				GCC_WARN_UNDECLARED_SELECTOR = YES;
				GCC_WARN_UNINITIALIZED_AUTOS = YES_AGGRESSIVE;
				GCC_WARN_UNUSED_FUNCTION = YES;
				GCC_WARN_UNUSED_VARIABLE = YES;
				IPHONEOS_DEPLOYMENT_TARGET = 11.4;
				MTL_ENABLE_DEBUG_INFO = NO;
				SDKROOT = iphoneos;
				SWIFT_COMPILATION_MODE = wholemodule;
				SWIFT_OPTIMIZATION_LEVEL = "-O";
				VALIDATE_PRODUCT = YES;
			};
			name = Release;
		};
		B767AF2520E55F1700165054 /* Debug */ = {
			isa = XCBuildConfiguration;
			buildSettings = {
				ASSETCATALOG_COMPILER_APPICON_NAME = AppIcon;
				CLANG_ENABLE_MODULES = YES;
				CODE_SIGN_STYLE = Automatic;
				INFOPLIST_FILE = dataConversiontest/Info.plist;
				LD_RUNPATH_SEARCH_PATHS = (
					"$(inherited)",
					"@executable_path/Frameworks",
				);
				PRODUCT_BUNDLE_IDENTIFIER = com.dataConversiontest;
				PRODUCT_NAME = "$(TARGET_NAME)";
				SWIFT_OBJC_BRIDGING_HEADER = "dataConversiontest/PacketManager/dataConversiontest-Bridging-Header.h";
				SWIFT_OPTIMIZATION_LEVEL = "-Onone";
				SWIFT_VERSION = 4.0;
				TARGETED_DEVICE_FAMILY = "1,2";
			};
			name = Debug;
		};
		B767AF2620E55F1700165054 /* Release */ = {
			isa = XCBuildConfiguration;
			buildSettings = {
				ASSETCATALOG_COMPILER_APPICON_NAME = AppIcon;
				CLANG_ENABLE_MODULES = YES;
				CODE_SIGN_STYLE = Automatic;
				INFOPLIST_FILE = dataConversiontest/Info.plist;
				LD_RUNPATH_SEARCH_PATHS = (
					"$(inherited)",
					"@executable_path/Frameworks",
				);
				PRODUCT_BUNDLE_IDENTIFIER = com.dataConversiontest;
				PRODUCT_NAME = "$(TARGET_NAME)";
				SWIFT_OBJC_BRIDGING_HEADER = "dataConversiontest/PacketManager/dataConversiontest-Bridging-Header.h";
				SWIFT_VERSION = 4.0;
				TARGETED_DEVICE_FAMILY = "1,2";
			};
			name = Release;
		};
		B767AF2820E55F1700165054 /* Debug */ = {
			isa = XCBuildConfiguration;
			buildSettings = {
				ALWAYS_EMBED_SWIFT_STANDARD_LIBRARIES = YES;
				BUNDLE_LOADER = "$(TEST_HOST)";
				CODE_SIGN_STYLE = Automatic;
				INFOPLIST_FILE = dataConversiontestTests/Info.plist;
				LD_RUNPATH_SEARCH_PATHS = (
					"$(inherited)",
					"@executable_path/Frameworks",
					"@loader_path/Frameworks",
				);
				PRODUCT_BUNDLE_IDENTIFIER = com.dataConversiontestTests;
				PRODUCT_NAME = "$(TARGET_NAME)";
				SWIFT_VERSION = 4.0;
				TARGETED_DEVICE_FAMILY = "1,2";
				TEST_HOST = "$(BUILT_PRODUCTS_DIR)/dataConversiontest.app/dataConversiontest";
			};
			name = Debug;
		};
		B767AF2920E55F1700165054 /* Release */ = {
			isa = XCBuildConfiguration;
			buildSettings = {
				ALWAYS_EMBED_SWIFT_STANDARD_LIBRARIES = YES;
				BUNDLE_LOADER = "$(TEST_HOST)";
				CODE_SIGN_STYLE = Automatic;
				INFOPLIST_FILE = dataConversiontestTests/Info.plist;
				LD_RUNPATH_SEARCH_PATHS = (
					"$(inherited)",
					"@executable_path/Frameworks",
					"@loader_path/Frameworks",
				);
				PRODUCT_BUNDLE_IDENTIFIER = com.dataConversiontestTests;
				PRODUCT_NAME = "$(TARGET_NAME)";
				SWIFT_VERSION = 4.0;
				TARGETED_DEVICE_FAMILY = "1,2";
				TEST_HOST = "$(BUILT_PRODUCTS_DIR)/dataConversiontest.app/dataConversiontest";
			};
			name = Release;
		};
		B767AF2B20E55F1700165054 /* Debug */ = {
			isa = XCBuildConfiguration;
			buildSettings = {
				ALWAYS_EMBED_SWIFT_STANDARD_LIBRARIES = YES;
				CODE_SIGN_STYLE = Automatic;
				INFOPLIST_FILE = dataConversiontestUITests/Info.plist;
				LD_RUNPATH_SEARCH_PATHS = (
					"$(inherited)",
					"@executable_path/Frameworks",
					"@loader_path/Frameworks",
				);
				PRODUCT_BUNDLE_IDENTIFIER = com.dataConversiontestUITests;
				PRODUCT_NAME = "$(TARGET_NAME)";
				SWIFT_VERSION = 4.0;
				TARGETED_DEVICE_FAMILY = "1,2";
				TEST_TARGET_NAME = dataConversiontest;
			};
			name = Debug;
		};
		B767AF2C20E55F1700165054 /* Release */ = {
			isa = XCBuildConfiguration;
			buildSettings = {
				ALWAYS_EMBED_SWIFT_STANDARD_LIBRARIES = YES;
				CODE_SIGN_STYLE = Automatic;
				INFOPLIST_FILE = dataConversiontestUITests/Info.plist;
				LD_RUNPATH_SEARCH_PATHS = (
					"$(inherited)",
					"@executable_path/Frameworks",
					"@loader_path/Frameworks",
				);
				PRODUCT_BUNDLE_IDENTIFIER = com.dataConversiontestUITests;
				PRODUCT_NAME = "$(TARGET_NAME)";
				SWIFT_VERSION = 4.0;
				TARGETED_DEVICE_FAMILY = "1,2";
				TEST_TARGET_NAME = dataConversiontest;
			};
			name = Release;
		};
/* End XCBuildConfiguration section */

/* Begin XCConfigurationList section */
		B767AEF720E55F1300165054 /* Build configuration list for PBXProject "dataConversiontest" */ = {
			isa = XCConfigurationList;
			buildConfigurations = (
				B767AF2220E55F1700165054 /* Debug */,
				B767AF2320E55F1700165054 /* Release */,
			);
			defaultConfigurationIsVisible = 0;
			defaultConfigurationName = Release;
		};
		B767AF2420E55F1700165054 /* Build configuration list for PBXNativeTarget "dataConversiontest" */ = {
			isa = XCConfigurationList;
			buildConfigurations = (
				B767AF2520E55F1700165054 /* Debug */,
				B767AF2620E55F1700165054 /* Release */,
			);
			defaultConfigurationIsVisible = 0;
			defaultConfigurationName = Release;
		};
		B767AF2720E55F1700165054 /* Build configuration list for PBXNativeTarget "dataConversiontestTests" */ = {
			isa = XCConfigurationList;
			buildConfigurations = (
				B767AF2820E55F1700165054 /* Debug */,
				B767AF2920E55F1700165054 /* Release */,
			);
			defaultConfigurationIsVisible = 0;
			defaultConfigurationName = Release;
		};
		B767AF2A20E55F1700165054 /* Build configuration list for PBXNativeTarget "dataConversiontestUITests" */ = {
			isa = XCConfigurationList;
			buildConfigurations = (
				B767AF2B20E55F1700165054 /* Debug */,
				B767AF2C20E55F1700165054 /* Release */,
			);
			defaultConfigurationIsVisible = 0;
			defaultConfigurationName = Release;
		};
/* End XCConfigurationList section */
	};
	rootObject = B767AEF420E55F1300165054 /* Project object */;
}
